
Microsoft Visual Studio Solution File, Format Version 12.00
# Visual Studio Version 17
VisualStudioVersion = 17.14.36202.13 d17.14
MinimumVisualStudioVersion = 10.0.40219.1
Project("{FAE04EC0-301F-11D3-BF4B-00C04F79EFBC}") = "Coffeeg", "Coffeeg.csproj", "{F8971F57-C47B-4F4B-82A0-92D6D015C6CE}"
EndProject
Global
	GlobalSection(SolutionConfigurationPlatforms) = preSolution
		Debug|Any CPU = Debug|Any CPU
		Release|Any CPU = Release|Any CPU
	EndGlobalSection
	GlobalSection(ProjectConfigurationPlatforms) = postSolution
		{F8971F57-C47B-4F4B-82A0-92D6D015C6CE}.Debug|Any CPU.ActiveCfg = Debug|Any CPU
		{F8971F57-C47B-4F4B-82A0-92D6D015C6CE}.Debug|Any CPU.Build.0 = Debug|Any CPU
		{F8971F57-C47B-4F4B-82A0-92D6D015C6CE}.Release|Any CPU.ActiveCfg = Release|Any CPU
		{F8971F57-C47B-4F4B-82A0-92D6D015C6CE}.Release|Any CPU.Build.0 = Release|Any CPU
	EndGlobalSection
	GlobalSection(SolutionProperties) = preSolution
		HideSolutionNode = FALSE
	EndGlobalSection
	GlobalSection(ExtensibilityGlobals) = postSolution
		SolutionGuid = {849A7173-DBE5-4AA8-B89B-6C0EAA1E8A3F}
	EndGlobalSection
EndGlobal
